# This file was autogenerated by uv via the following command:
#    uv pip compile requirements.txt -o requirements.lock
anyio==4.13.0
    # via httpx
certifi==2026.4.22
    # via
    #   httpcore
    #   httpx
h11==0.16.0
    # via httpcore
httpcore==1.0.9
    # via httpx
httpx==0.28.1
    # via -r requirements.txt
idna==3.15
    # via
    #   anyio
    #   httpx
jaraco-classes==3.4.0
    # via keyring
jaraco-context==6.1.2
    # via keyring
jaraco-functools==4.4.0
    # via keyring
keyring==25.7.0
    # via -r requirements.txt
more-itertools==11.0.2
    # via
    #   jaraco-classes
    #   jaraco-functools
typing-extensions==4.15.0
    # via anyio
